{
  "requires": true,
  "lockfileVersion": 1,
  "dependencies": {
    "kotlin-compiler": {
      "version": "1.3.21",
      "resolved": "https://registry.npmjs.org/kotlin-compiler/-/kotlin-compiler-1.3.21.tgz",
      "integrity": "sha512-QAaXKqpaPSdpBcQsSHB98//FAd6hQ9DGsgf9D+jW06cnFicsl+dIdwBFRjbzhEn5+X0pqGx3t65EbHm62NlkBg=="
    }
  }
}
